
Microsoft Visual Studio Solution File, Format Version 12.00
# Visual Studio Version 17
VisualStudioVersion = 17.11.35312.102
MinimumVisualStudioVersion = 10.0.40219.1
Project("{FAE04EC0-301F-11D3-BF4B-00C04F79EFBC}") = "DewiApp", "DewiApp\DewiApp.csproj", "{B604CC01-0964-4667-8393-28DFAAD04947}"
EndProject
Global
	GlobalSection(SolutionConfigurationPlatforms) = preSolution
		Debug|Any CPU = Debug|Any CPU
		Release|Any CPU = Release|Any CPU
	EndGlobalSection
	GlobalSection(ProjectConfigurationPlatforms) = postSolution
		{B604CC01-0964-4667-8393-28DFAAD04947}.Debug|Any CPU.ActiveCfg = Debug|Any CPU
		{B604CC01-0964-4667-8393-28DFAAD04947}.Debug|Any CPU.Build.0 = Debug|Any CPU
		{B604CC01-0964-4667-8393-28DFAAD04947}.Release|Any CPU.ActiveCfg = Release|Any CPU
		{B604CC01-0964-4667-8393-28DFAAD04947}.Release|Any CPU.Build.0 = Release|Any CPU
	EndGlobalSection
	GlobalSection(SolutionProperties) = preSolution
		HideSolutionNode = FALSE
	EndGlobalSection
	GlobalSection(ExtensibilityGlobals) = postSolution
		SolutionGuid = {296C8ED0-82EE-4699-96C1-0DAF73B6C081}
	EndGlobalSection
EndGlobal
